
Microsoft Visual Studio Solution File, Format Version 12.00
# Visual Studio Version 16
VisualStudioVersion = 16.0.32428.217
MinimumVisualStudioVersion = 10.0.40219.1
Project("{9A19103F-16F7-4668-BE54-9A1E7A4F7556}") = "RepeaterController", "RepeaterController\RepeaterController.csproj", "{8BFEC396-9B68-4932-809B-F883B1C6944E}"
EndProject
Global
	GlobalSection(SolutionConfigurationPlatforms) = preSolution
		Debug|Any CPU = Debug|Any CPU
		Release|Any CPU = Release|Any CPU
	EndGlobalSection
	GlobalSection(ProjectConfigurationPlatforms) = postSolution
		{8BFEC396-9B68-4932-809B-F883B1C6944E}.Debug|Any CPU.ActiveCfg = Debug|Any CPU
		{8BFEC396-9B68-4932-809B-F883B1C6944E}.Debug|Any CPU.Build.0 = Debug|Any CPU
		{8BFEC396-9B68-4932-809B-F883B1C6944E}.Release|Any CPU.ActiveCfg = Release|Any CPU
		{8BFEC396-9B68-4932-809B-F883B1C6944E}.Release|Any CPU.Build.0 = Release|Any CPU
	EndGlobalSection
	GlobalSection(SolutionProperties) = preSolution
		HideSolutionNode = FALSE
	EndGlobalSection
	GlobalSection(ExtensibilityGlobals) = postSolution
		SolutionGuid = {871F53F4-8950-4EC5-95E3-680903D2DF7D}
	EndGlobalSection
EndGlobal
